// !$*UTF8*$!
{
	archiveVersion = 1;
	classes = {
	};
	objectVersion = 55;
	objects = {

/* Begin PBXBuildFile section */
		2218798F283E5A8600D25FF8 /* RequestSerializer.swift in Sources */ = {isa = PBXBuildFile; fileRef = 2218798E283E5A8600D25FF8 /* RequestSerializer.swift */; };
		22187991283E5B0A00D25FF8 /* ResponseSerializer.swift in Sources */ = {isa = PBXBuildFile; fileRef = 22187990283E5B0A00D25FF8 /* ResponseSerializer.swift */; };
		22187993283E5B3900D25FF8 /* Error.swift in Sources */ = {isa = PBXBuildFile; fileRef = 22187992283E5B3900D25FF8 /* Error.swift */; };
		22187995283E5B7100D25FF8 /* ApiManager.swift in Sources */ = {isa = PBXBuildFile; fileRef = 22187994283E5B7100D25FF8 /* ApiManager.swift */; };
		22187997283E5CE100D25FF8 /* Api.swift in Sources */ = {isa = PBXBuildFile; fileRef = 22187996283E5CE100D25FF8 /* Api.swift */; };
		22187999283E60B100D25FF8 /* CollectionExt.swift in Sources */ = {isa = PBXBuildFile; fileRef = 22187998283E60B100D25FF8 /* CollectionExt.swift */; };
		2218799B283E60F000D25FF8 /* NSErrorExt.swift in Sources */ = {isa = PBXBuildFile; fileRef = 2218799A283E60F000D25FF8 /* NSErrorExt.swift */; };
		2218799E283E627E00D25FF8 /* UIViewControllerExt.swift in Sources */ = {isa = PBXBuildFile; fileRef = 2218799D283E627E00D25FF8 /* UIViewControllerExt.swift */; };
		221879A0283E62A900D25FF8 /* UIViewExt.swift in Sources */ = {isa = PBXBuildFile; fileRef = 2218799F283E62A900D25FF8 /* UIViewExt.swift */; };
		221879A4283E6AE900D25FF8 /* App.swift in Sources */ = {isa = PBXBuildFile; fileRef = 221879A3283E6AE900D25FF8 /* App.swift */; };
		221879A6283E6B1300D25FF8 /* Errors.swift in Sources */ = {isa = PBXBuildFile; fileRef = 221879A5283E6B1300D25FF8 /* Errors.swift */; };
		221879A8283E6B3400D25FF8 /* String.swift in Sources */ = {isa = PBXBuildFile; fileRef = 221879A7283E6B3400D25FF8 /* String.swift */; };
		221C44A6284B5AF400B0CA26 /* SplashViewController.swift in Sources */ = {isa = PBXBuildFile; fileRef = 221C44A4284B5AF400B0CA26 /* SplashViewController.swift */; };
		221C44A7284B5AF400B0CA26 /* SplashViewController.xib in Resources */ = {isa = PBXBuildFile; fileRef = 221C44A5284B5AF400B0CA26 /* SplashViewController.xib */; };
		22250AB7283B1963001832C8 /* DetailViewModel.swift in Sources */ = {isa = PBXBuildFile; fileRef = 22250AB6283B1963001832C8 /* DetailViewModel.swift */; };
		222CCA5628475F980038DC9D /* MyNewsViewModel.swift in Sources */ = {isa = PBXBuildFile; fileRef = 222CCA5528475F980038DC9D /* MyNewsViewModel.swift */; };
		2231937A2849F5B000692A0C /* History.swift in Sources */ = {isa = PBXBuildFile; fileRef = 223193792849F5B000692A0C /* History.swift */; };
		22339BE42837A24800EA8F6C /* HeaderCollectionCellViewModel.swift in Sources */ = {isa = PBXBuildFile; fileRef = 22339BE32837A24800EA8F6C /* HeaderCollectionCellViewModel.swift */; };
		22388BBF283390B800EE3DC8 /* AppDelegate.swift in Sources */ = {isa = PBXBuildFile; fileRef = 22388BBE283390B800EE3DC8 /* AppDelegate.swift */; };
		22388BC1283390B800EE3DC8 /* SceneDelegate.swift in Sources */ = {isa = PBXBuildFile; fileRef = 22388BC0283390B800EE3DC8 /* SceneDelegate.swift */; };
		22388BC8283390BB00EE3DC8 /* Assets.xcassets in Resources */ = {isa = PBXBuildFile; fileRef = 22388BC7283390BB00EE3DC8 /* Assets.xcassets */; };
		22388BCB283390BB00EE3DC8 /* LaunchScreen.storyboard in Resources */ = {isa = PBXBuildFile; fileRef = 22388BC9283390BB00EE3DC8 /* LaunchScreen.storyboard */; };
		22388BD928339AE100EE3DC8 /* BaseViewController.swift in Sources */ = {isa = PBXBuildFile; fileRef = 22388BD828339AE100EE3DC8 /* BaseViewController.swift */; };
		22388BDB28339AEF00EE3DC8 /* BaseNavigationViewController.swift in Sources */ = {isa = PBXBuildFile; fileRef = 22388BDA28339AEF00EE3DC8 /* BaseNavigationViewController.swift */; };
		22388BDD28339AFD00EE3DC8 /* BaseTabbarViewController.swift in Sources */ = {isa = PBXBuildFile; fileRef = 22388BDC28339AFD00EE3DC8 /* BaseTabbarViewController.swift */; };
		22388BE028339BE100EE3DC8 /* NewsViewController.swift in Sources */ = {isa = PBXBuildFile; fileRef = 22388BDE28339BE100EE3DC8 /* NewsViewController.swift */; };
		22388BE128339BE100EE3DC8 /* NewsViewController.xib in Resources */ = {isa = PBXBuildFile; fileRef = 22388BDF28339BE100EE3DC8 /* NewsViewController.xib */; };
		22388BEC2833A51300EE3DC8 /* MainTableViewCell.swift in Sources */ = {isa = PBXBuildFile; fileRef = 22388BEA2833A51300EE3DC8 /* MainTableViewCell.swift */; };
		22388BED2833A51300EE3DC8 /* MainTableViewCell.xib in Resources */ = {isa = PBXBuildFile; fileRef = 22388BEB2833A51300EE3DC8 /* MainTableViewCell.xib */; };
		224A66E02833D85C002A5BC6 /* DetailViewController.swift in Sources */ = {isa = PBXBuildFile; fileRef = 224A66DE2833D85C002A5BC6 /* DetailViewController.swift */; };
		224A66E12833D85C002A5BC6 /* DetailViewController.xib in Resources */ = {isa = PBXBuildFile; fileRef = 224A66DF2833D85C002A5BC6 /* DetailViewController.xib */; };
		224A66E42833DB30002A5BC6 /* SearchViewController.swift in Sources */ = {isa = PBXBuildFile; fileRef = 224A66E22833DB30002A5BC6 /* SearchViewController.swift */; };
		224A66E52833DB30002A5BC6 /* SearchViewController.xib in Resources */ = {isa = PBXBuildFile; fileRef = 224A66E32833DB30002A5BC6 /* SearchViewController.xib */; };
		224A66E92833DD9E002A5BC6 /* MyNewsViewController.swift in Sources */ = {isa = PBXBuildFile; fileRef = 224A66E72833DD9E002A5BC6 /* MyNewsViewController.swift */; };
		224A66EA2833DD9E002A5BC6 /* MyNewsViewController.xib in Resources */ = {isa = PBXBuildFile; fileRef = 224A66E82833DD9E002A5BC6 /* MyNewsViewController.xib */; };
		226594CB283C8D4D00A4B9D5 /* CategoryDetailViewController.swift in Sources */ = {isa = PBXBuildFile; fileRef = 226594C9283C8D4D00A4B9D5 /* CategoryDetailViewController.swift */; };
		226594CC283C8D4D00A4B9D5 /* CategoryDetailViewController.xib in Resources */ = {isa = PBXBuildFile; fileRef = 226594CA283C8D4D00A4B9D5 /* CategoryDetailViewController.xib */; };
		226594CF283C8E5500A4B9D5 /* HeaderSectionView.swift in Sources */ = {isa = PBXBuildFile; fileRef = 226594CE283C8E5500A4B9D5 /* HeaderSectionView.swift */; };
		226594D1283C8E6100A4B9D5 /* HeaderSectionView.xib in Resources */ = {isa = PBXBuildFile; fileRef = 226594D0283C8E6100A4B9D5 /* HeaderSectionView.xib */; };
		226594D3283CC60200A4B9D5 /* CategoryViewModel.swift in Sources */ = {isa = PBXBuildFile; fileRef = 226594D2283CC60200A4B9D5 /* CategoryViewModel.swift */; };
		226594DA283CD11000A4B9D5 /* HeaderSectionViewModel.swift in Sources */ = {isa = PBXBuildFile; fileRef = 226594D9283CD11000A4B9D5 /* HeaderSectionViewModel.swift */; };
		226B77B82837247E007AC7D5 /* HeaderCollectionViewCell.swift in Sources */ = {isa = PBXBuildFile; fileRef = 226B77B62837247E007AC7D5 /* HeaderCollectionViewCell.swift */; };
		226B77B92837247E007AC7D5 /* HeaderCollectionViewCell.xib in Resources */ = {isa = PBXBuildFile; fileRef = 226B77B72837247E007AC7D5 /* HeaderCollectionViewCell.xib */; };
		2270537C2843598400944BDF /* MoreTopicCollectionViewCell.swift in Sources */ = {isa = PBXBuildFile; fileRef = 2270537A2843598400944BDF /* MoreTopicCollectionViewCell.swift */; };
		2270537D2843598400944BDF /* MoreTopicCollectionViewCell.xib in Resources */ = {isa = PBXBuildFile; fileRef = 2270537B2843598400944BDF /* MoreTopicCollectionViewCell.xib */; };
		2270537F284359A100944BDF /* MoreTopicCollectionCellModel.swift in Sources */ = {isa = PBXBuildFile; fileRef = 2270537E284359A100944BDF /* MoreTopicCollectionCellModel.swift */; };
		228732C02848B62200F15EE3 /* SearchResultViewController.swift in Sources */ = {isa = PBXBuildFile; fileRef = 228732BD2848B62200F15EE3 /* SearchResultViewController.swift */; };
		228732C12848B62200F15EE3 /* SearchResultViewController.xib in Resources */ = {isa = PBXBuildFile; fileRef = 228732BE2848B62200F15EE3 /* SearchResultViewController.xib */; };
		228732C22848B62200F15EE3 /* SearchResultViewModel.swift in Sources */ = {isa = PBXBuildFile; fileRef = 228732BF2848B62200F15EE3 /* SearchResultViewModel.swift */; };
		2288B7FC28439B18002C2A2E /* HistoryCollectionViewCell.swift in Sources */ = {isa = PBXBuildFile; fileRef = 2288B7FA28439B18002C2A2E /* HistoryCollectionViewCell.swift */; };
		2288B7FD28439B18002C2A2E /* HistoryCollectionViewCell.xib in Resources */ = {isa = PBXBuildFile; fileRef = 2288B7FB28439B18002C2A2E /* HistoryCollectionViewCell.xib */; };
		2288B7FF28439B27002C2A2E /* HistoryCollectionCellModel.swift in Sources */ = {isa = PBXBuildFile; fileRef = 2288B7FE28439B27002C2A2E /* HistoryCollectionCellModel.swift */; };
		2295ABF32835DFA500732946 /* PhotoService.swift in Sources */ = {isa = PBXBuildFile; fileRef = 2295ABF22835DFA500732946 /* PhotoService.swift */; };
		2295ABF62835E06E00732946 /* PhotoManager.swift in Sources */ = {isa = PBXBuildFile; fileRef = 2295ABF52835E06E00732946 /* PhotoManager.swift */; };
		22A704B82841B13000903E86 /* SearchViewModel.swift in Sources */ = {isa = PBXBuildFile; fileRef = 22A704B72841B13000903E86 /* SearchViewModel.swift */; };
		22AAC2622834A884000D6688 /* NewsViewModel.swift in Sources */ = {isa = PBXBuildFile; fileRef = 22AAC2612834A884000D6688 /* NewsViewModel.swift */; };
		22AAC26E2834CF9D000D6688 /* New.swift in Sources */ = {isa = PBXBuildFile; fileRef = 22AAC26D2834CF9D000D6688 /* New.swift */; };
		22AAC2712834D67B000D6688 /* NewsService.swift in Sources */ = {isa = PBXBuildFile; fileRef = 22AAC2702834D67B000D6688 /* NewsService.swift */; };
		22AAC2752834F18A000D6688 /* MainCellViewModel.swift in Sources */ = {isa = PBXBuildFile; fileRef = 22AAC2742834F18A000D6688 /* MainCellViewModel.swift */; };
		22E6B1E2284462A3002E874B /* UICollectionViewExt.swift in Sources */ = {isa = PBXBuildFile; fileRef = 22E6B1E1284462A3002E874B /* UICollectionViewExt.swift */; };
		22E6B1FF284486AD002E874B /* HeaderSearchSectionCollectionReusableView.swift in Sources */ = {isa = PBXBuildFile; fileRef = 22E6B1FD284486AC002E874B /* HeaderSearchSectionCollectionReusableView.swift */; };
		22E6B200284486AD002E874B /* HeaderSearchSectionCollectionReusableView.xib in Resources */ = {isa = PBXBuildFile; fileRef = 22E6B1FE284486AD002E874B /* HeaderSearchSectionCollectionReusableView.xib */; };
		2B8A94DDB1AA5B0271F183D5 /* Pods_Final_Project.framework in Frameworks */ = {isa = PBXBuildFile; fileRef = 687F0276FDA58A5405FC16CC /* Pods_Final_Project.framework */; };
/* End PBXBuildFile section */

/* Begin PBXFileReference section */
		2218798E283E5A8600D25FF8 /* RequestSerializer.swift */ = {isa = PBXFileReference; lastKnownFileType = sourcecode.swift; path = RequestSerializer.swift; sourceTree = "<group>"; };
		22187990283E5B0A00D25FF8 /* ResponseSerializer.swift */ = {isa = PBXFileReference; lastKnownFileType = sourcecode.swift; path = ResponseSerializer.swift; sourceTree = "<group>"; };
		22187992283E5B3900D25FF8 /* Error.swift */ = {isa = PBXFileReference; lastKnownFileType = sourcecode.swift; path = Error.swift; sourceTree = "<group>"; };
		22187994283E5B7100D25FF8 /* ApiManager.swift */ = {isa = PBXFileReference; lastKnownFileType = sourcecode.swift; path = ApiManager.swift; sourceTree = "<group>"; };
		22187996283E5CE100D25FF8 /* Api.swift */ = {isa = PBXFileReference; lastKnownFileType = sourcecode.swift; path = Api.swift; sourceTree = "<group>"; };
		22187998283E60B100D25FF8 /* CollectionExt.swift */ = {isa = PBXFileReference; lastKnownFileType = sourcecode.swift; path = CollectionExt.swift; sourceTree = "<group>"; };
		2218799A283E60F000D25FF8 /* NSErrorExt.swift */ = {isa = PBXFileReference; lastKnownFileType = sourcecode.swift; path = NSErrorExt.swift; sourceTree = "<group>"; };
		2218799D283E627E00D25FF8 /* UIViewControllerExt.swift */ = {isa = PBXFileReference; lastKnownFileType = sourcecode.swift; path = UIViewControllerExt.swift; sourceTree = "<group>"; };
		2218799F283E62A900D25FF8 /* UIViewExt.swift */ = {isa = PBXFileReference; lastKnownFileType = sourcecode.swift; path = UIViewExt.swift; sourceTree = "<group>"; };
		221879A3283E6AE900D25FF8 /* App.swift */ = {isa = PBXFileReference; lastKnownFileType = sourcecode.swift; path = App.swift; sourceTree = "<group>"; };
		221879A5283E6B1300D25FF8 /* Errors.swift */ = {isa = PBXFileReference; lastKnownFileType = sourcecode.swift; path = Errors.swift; sourceTree = "<group>"; };
		221879A7283E6B3400D25FF8 /* String.swift */ = {isa = PBXFileReference; lastKnownFileType = sourcecode.swift; path = String.swift; sourceTree = "<group>"; };
		221C44A4284B5AF400B0CA26 /* SplashViewController.swift */ = {isa = PBXFileReference; lastKnownFileType = sourcecode.swift; path = SplashViewController.swift; sourceTree = "<group>"; };
		221C44A5284B5AF400B0CA26 /* SplashViewController.xib */ = {isa = PBXFileReference; lastKnownFileType = file.xib; path = SplashViewController.xib; sourceTree = "<group>"; };
		22250AB6283B1963001832C8 /* DetailViewModel.swift */ = {isa = PBXFileReference; lastKnownFileType = sourcecode.swift; path = DetailViewModel.swift; sourceTree = "<group>"; };
		222CCA5528475F980038DC9D /* MyNewsViewModel.swift */ = {isa = PBXFileReference; lastKnownFileType = sourcecode.swift; path = MyNewsViewModel.swift; sourceTree = "<group>"; };
		223193792849F5B000692A0C /* History.swift */ = {isa = PBXFileReference; lastKnownFileType = sourcecode.swift; path = History.swift; sourceTree = "<group>"; };
		22339BE32837A24800EA8F6C /* HeaderCollectionCellViewModel.swift */ = {isa = PBXFileReference; lastKnownFileType = sourcecode.swift; path = HeaderCollectionCellViewModel.swift; sourceTree = "<group>"; };
		22339BE62837A4BD00EA8F6C /* Info.plist */ = {isa = PBXFileReference; fileEncoding = 4; lastKnownFileType = text.plist.xml; path = Info.plist; sourceTree = "<group>"; };
		22388BBB283390B800EE3DC8 /* Final_Project.app */ = {isa = PBXFileReference; explicitFileType = wrapper.application; includeInIndex = 0; path = Final_Project.app; sourceTree = BUILT_PRODUCTS_DIR; };
		22388BBE283390B800EE3DC8 /* AppDelegate.swift */ = {isa = PBXFileReference; lastKnownFileType = sourcecode.swift; path = AppDelegate.swift; sourceTree = "<group>"; };
		22388BC0283390B800EE3DC8 /* SceneDelegate.swift */ = {isa = PBXFileReference; lastKnownFileType = sourcecode.swift; path = SceneDelegate.swift; sourceTree = "<group>"; };
		22388BC7283390BB00EE3DC8 /* Assets.xcassets */ = {isa = PBXFileReference; lastKnownFileType = folder.assetcatalog; path = Assets.xcassets; sourceTree = "<group>"; };
		22388BCA283390BB00EE3DC8 /* Base */ = {isa = PBXFileReference; lastKnownFileType = file.storyboard; name = Base; path = Base.lproj/LaunchScreen.storyboard; sourceTree = "<group>"; };
		22388BD828339AE100EE3DC8 /* BaseViewController.swift */ = {isa = PBXFileReference; lastKnownFileType = sourcecode.swift; path = BaseViewController.swift; sourceTree = "<group>"; };
		22388BDA28339AEF00EE3DC8 /* BaseNavigationViewController.swift */ = {isa = PBXFileReference; lastKnownFileType = sourcecode.swift; path = BaseNavigationViewController.swift; sourceTree = "<group>"; };
		22388BDC28339AFD00EE3DC8 /* BaseTabbarViewController.swift */ = {isa = PBXFileReference; lastKnownFileType = sourcecode.swift; path = BaseTabbarViewController.swift; sourceTree = "<group>"; };
		22388BDE28339BE100EE3DC8 /* NewsViewController.swift */ = {isa = PBXFileReference; lastKnownFileType = sourcecode.swift; path = NewsViewController.swift; sourceTree = "<group>"; };
		22388BDF28339BE100EE3DC8 /* NewsViewController.xib */ = {isa = PBXFileReference; lastKnownFileType = file.xib; path = NewsViewController.xib; sourceTree = "<group>"; };
		22388BEA2833A51300EE3DC8 /* MainTableViewCell.swift */ = {isa = PBXFileReference; lastKnownFileType = sourcecode.swift; path = MainTableViewCell.swift; sourceTree = "<group>"; };
		22388BEB2833A51300EE3DC8 /* MainTableViewCell.xib */ = {isa = PBXFileReference; lastKnownFileType = file.xib; path = MainTableViewCell.xib; sourceTree = "<group>"; };
		224A66DE2833D85C002A5BC6 /* DetailViewController.swift */ = {isa = PBXFileReference; lastKnownFileType = sourcecode.swift; path = DetailViewController.swift; sourceTree = "<group>"; };
		224A66DF2833D85C002A5BC6 /* DetailViewController.xib */ = {isa = PBXFileReference; lastKnownFileType = file.xib; path = DetailViewController.xib; sourceTree = "<group>"; };
		224A66E22833DB30002A5BC6 /* SearchViewController.swift */ = {isa = PBXFileReference; lastKnownFileType = sourcecode.swift; path = SearchViewController.swift; sourceTree = "<group>"; };
		224A66E32833DB30002A5BC6 /* SearchViewController.xib */ = {isa = PBXFileReference; lastKnownFileType = file.xib; path = SearchViewController.xib; sourceTree = "<group>"; };
		224A66E72833DD9E002A5BC6 /* MyNewsViewController.swift */ = {isa = PBXFileReference; lastKnownFileType = sourcecode.swift; path = MyNewsViewController.swift; sourceTree = "<group>"; };
		224A66E82833DD9E002A5BC6 /* MyNewsViewController.xib */ = {isa = PBXFileReference; lastKnownFileType = file.xib; path = MyNewsViewController.xib; sourceTree = "<group>"; };
		226594C9283C8D4D00A4B9D5 /* CategoryDetailViewController.swift */ = {isa = PBXFileReference; lastKnownFileType = sourcecode.swift; path = CategoryDetailViewController.swift; sourceTree = "<group>"; };
		226594CA283C8D4D00A4B9D5 /* CategoryDetailViewController.xib */ = {isa = PBXFileReference; lastKnownFileType = file.xib; path = CategoryDetailViewController.xib; sourceTree = "<group>"; };
		226594CE283C8E5500A4B9D5 /* HeaderSectionView.swift */ = {isa = PBXFileReference; lastKnownFileType = sourcecode.swift; path = HeaderSectionView.swift; sourceTree = "<group>"; };
		226594D0283C8E6100A4B9D5 /* HeaderSectionView.xib */ = {isa = PBXFileReference; lastKnownFileType = file.xib; path = HeaderSectionView.xib; sourceTree = "<group>"; };
		226594D2283CC60200A4B9D5 /* CategoryViewModel.swift */ = {isa = PBXFileReference; lastKnownFileType = sourcecode.swift; path = CategoryViewModel.swift; sourceTree = "<group>"; };
		226594D9283CD11000A4B9D5 /* HeaderSectionViewModel.swift */ = {isa = PBXFileReference; lastKnownFileType = sourcecode.swift; path = HeaderSectionViewModel.swift; sourceTree = "<group>"; };
		226B77B62837247E007AC7D5 /* HeaderCollectionViewCell.swift */ = {isa = PBXFileReference; lastKnownFileType = sourcecode.swift; path = HeaderCollectionViewCell.swift; sourceTree = "<group>"; };
		226B77B72837247E007AC7D5 /* HeaderCollectionViewCell.xib */ = {isa = PBXFileReference; lastKnownFileType = file.xib; path = HeaderCollectionViewCell.xib; sourceTree = "<group>"; };
		2270537A2843598400944BDF /* MoreTopicCollectionViewCell.swift */ = {isa = PBXFileReference; lastKnownFileType = sourcecode.swift; path = MoreTopicCollectionViewCell.swift; sourceTree = "<group>"; };
		2270537B2843598400944BDF /* MoreTopicCollectionViewCell.xib */ = {isa = PBXFileReference; lastKnownFileType = file.xib; path = MoreTopicCollectionViewCell.xib; sourceTree = "<group>"; };
		2270537E284359A100944BDF /* MoreTopicCollectionCellModel.swift */ = {isa = PBXFileReference; lastKnownFileType = sourcecode.swift; path = MoreTopicCollectionCellModel.swift; sourceTree = "<group>"; };
		228732BD2848B62200F15EE3 /* SearchResultViewController.swift */ = {isa = PBXFileReference; fileEncoding = 4; lastKnownFileType = sourcecode.swift; path = SearchResultViewController.swift; sourceTree = "<group>"; };
		228732BE2848B62200F15EE3 /* SearchResultViewController.xib */ = {isa = PBXFileReference; fileEncoding = 4; lastKnownFileType = file.xib; path = SearchResultViewController.xib; sourceTree = "<group>"; };
		228732BF2848B62200F15EE3 /* SearchResultViewModel.swift */ = {isa = PBXFileReference; fileEncoding = 4; lastKnownFileType = sourcecode.swift; path = SearchResultViewModel.swift; sourceTree = "<group>"; };
		2288B7FA28439B18002C2A2E /* HistoryCollectionViewCell.swift */ = {isa = PBXFileReference; lastKnownFileType = sourcecode.swift; path = HistoryCollectionViewCell.swift; sourceTree = "<group>"; };
		2288B7FB28439B18002C2A2E /* HistoryCollectionViewCell.xib */ = {isa = PBXFileReference; lastKnownFileType = file.xib; path = HistoryCollectionViewCell.xib; sourceTree = "<group>"; };
		2288B7FE28439B27002C2A2E /* HistoryCollectionCellModel.swift */ = {isa = PBXFileReference; lastKnownFileType = sourcecode.swift; path = HistoryCollectionCellModel.swift; sourceTree = "<group>"; };
		2295ABF22835DFA500732946 /* PhotoService.swift */ = {isa = PBXFileReference; lastKnownFileType = sourcecode.swift; path = PhotoService.swift; sourceTree = "<group>"; };
		2295ABF52835E06E00732946 /* PhotoManager.swift */ = {isa = PBXFileReference; lastKnownFileType = sourcecode.swift; path = PhotoManager.swift; sourceTree = "<group>"; };
		22A704B72841B13000903E86 /* SearchViewModel.swift */ = {isa = PBXFileReference; lastKnownFileType = sourcecode.swift; path = SearchViewModel.swift; sourceTree = "<group>"; };
		22AAC2612834A884000D6688 /* NewsViewModel.swift */ = {isa = PBXFileReference; lastKnownFileType = sourcecode.swift; path = NewsViewModel.swift; sourceTree = "<group>"; };
		22AAC26D2834CF9D000D6688 /* New.swift */ = {isa = PBXFileReference; lastKnownFileType = sourcecode.swift; path = New.swift; sourceTree = "<group>"; };
		22AAC2702834D67B000D6688 /* NewsService.swift */ = {isa = PBXFileReference; lastKnownFileType = sourcecode.swift; path = NewsService.swift; sourceTree = "<group>"; };
		22AAC2742834F18A000D6688 /* MainCellViewModel.swift */ = {isa = PBXFileReference; lastKnownFileType = sourcecode.swift; path = MainCellViewModel.swift; sourceTree = "<group>"; };
		22E6B1E1284462A3002E874B /* UICollectionViewExt.swift */ = {isa = PBXFileReference; lastKnownFileType = sourcecode.swift; path = UICollectionViewExt.swift; sourceTree = "<group>"; };
		22E6B1FD284486AC002E874B /* HeaderSearchSectionCollectionReusableView.swift */ = {isa = PBXFileReference; lastKnownFileType = sourcecode.swift; path = HeaderSearchSectionCollectionReusableView.swift; sourceTree = "<group>"; };
		22E6B1FE284486AD002E874B /* HeaderSearchSectionCollectionReusableView.xib */ = {isa = PBXFileReference; lastKnownFileType = file.xib; path = HeaderSearchSectionCollectionReusableView.xib; sourceTree = "<group>"; };
		33D73900F75713081D557339 /* Pods-Final_Project.release.xcconfig */ = {isa = PBXFileReference; includeInIndex = 1; lastKnownFileType = text.xcconfig; name = "Pods-Final_Project.release.xcconfig"; path = "Target Support Files/Pods-Final_Project/Pods-Final_Project.release.xcconfig"; sourceTree = "<group>"; };
		687F0276FDA58A5405FC16CC /* Pods_Final_Project.framework */ = {isa = PBXFileReference; explicitFileType = wrapper.framework; includeInIndex = 0; path = Pods_Final_Project.framework; sourceTree = BUILT_PRODUCTS_DIR; };
		DD96585B077F87A3C89DBD1D /* Pods-Final_Project.debug.xcconfig */ = {isa = PBXFileReference; includeInIndex = 1; lastKnownFileType = text.xcconfig; name = "Pods-Final_Project.debug.xcconfig"; path = "Target Support Files/Pods-Final_Project/Pods-Final_Project.debug.xcconfig"; sourceTree = "<group>"; };
/* End PBXFileReference section */

/* Begin PBXFrameworksBuildPhase section */
		22388BB8283390B800EE3DC8 /* Frameworks */ = {
			isa = PBXFrameworksBuildPhase;
			buildActionMask = 2147483647;
			files = (
				2B8A94DDB1AA5B0271F183D5 /* Pods_Final_Project.framework in Frameworks */,
			);
			runOnlyForDeploymentPostprocessing = 0;
		};
/* End PBXFrameworksBuildPhase section */

/* Begin PBXGroup section */
		2218799C283E616F00D25FF8 /* Ext */ = {
			isa = PBXGroup;
			children = (
				22187998283E60B100D25FF8 /* CollectionExt.swift */,
				2218799A283E60F000D25FF8 /* NSErrorExt.swift */,
				2218799D283E627E00D25FF8 /* UIViewControllerExt.swift */,
				2218799F283E62A900D25FF8 /* UIViewExt.swift */,
				22E6B1E1284462A3002E874B /* UICollectionViewExt.swift */,
			);
			path = Ext;
			sourceTree = "<group>";
		};
		221C44A3284B5AE200B0CA26 /* SplashVC */ = {
			isa = PBXGroup;
			children = (
				221C44A4284B5AF400B0CA26 /* SplashViewController.swift */,
				221C44A5284B5AF400B0CA26 /* SplashViewController.xib */,
			);
			path = SplashVC;
			sourceTree = "<group>";
		};
		22339BDE28377D8000EA8F6C /* Define */ = {
			isa = PBXGroup;
			children = (
				221879A3283E6AE900D25FF8 /* App.swift */,
				221879A5283E6B1300D25FF8 /* Errors.swift */,
				221879A7283E6B3400D25FF8 /* String.swift */,
			);
			path = Define;
			sourceTree = "<group>";
		};
		22339BDF28377DA900EA8F6C /* Core */ = {
			isa = PBXGroup;
			children = (
				2218798E283E5A8600D25FF8 /* RequestSerializer.swift */,
				22187990283E5B0A00D25FF8 /* ResponseSerializer.swift */,
				22187992283E5B3900D25FF8 /* Error.swift */,
				22187994283E5B7100D25FF8 /* ApiManager.swift */,
				22187996283E5CE100D25FF8 /* Api.swift */,
			);
			path = Core;
			sourceTree = "<group>";
		};
		22339BE028377DB600EA8F6C /* Module */ = {
			isa = PBXGroup;
			children = (
				22AAC2702834D67B000D6688 /* NewsService.swift */,
				2295ABF22835DFA500732946 /* PhotoService.swift */,
			);
			path = Module;
			sourceTree = "<group>";
		};
		22339BE52837A3D500EA8F6C /* Cell */ = {
			isa = PBXGroup;
			children = (
				22388BE928339FC200EE3DC8 /* MainCell */,
				226B77B528372441007AC7D5 /* HeaderCell */,
			);
			path = Cell;
			sourceTree = "<group>";
		};
		22388BB2283390B800EE3DC8 = {
			isa = PBXGroup;
			children = (
				22388BBD283390B800EE3DC8 /* Final_Project */,
				22388BBC283390B800EE3DC8 /* Products */,
				EE5AA25F81A2678107200E49 /* Pods */,
				B4F0743B4E347BF214E95FCB /* Frameworks */,
			);
			sourceTree = "<group>";
		};
		22388BBC283390B800EE3DC8 /* Products */ = {
			isa = PBXGroup;
			children = (
				22388BBB283390B800EE3DC8 /* Final_Project.app */,
			);
			name = Products;
			sourceTree = "<group>";
		};
		22388BBD283390B800EE3DC8 /* Final_Project */ = {
			isa = PBXGroup;
			children = (
				22339BE62837A4BD00EA8F6C /* Info.plist */,
				22388BD528339A9D00EE3DC8 /* AppDelegate */,
				22388BD328339A8F00EE3DC8 /* Model */,
				22388BD428339A9500EE3DC8 /* Controllers */,
				22339BDE28377D8000EA8F6C /* Define */,
				22AAC2632834AB79000D6688 /* Library */,
				2295ABF42835E05A00732946 /* Manager */,
				22AAC26F2834D668000D6688 /* Service */,
				22388BD228339A8900EE3DC8 /* Resource */,
			);
			path = Final_Project;
			sourceTree = "<group>";
		};
		22388BD228339A8900EE3DC8 /* Resource */ = {
			isa = PBXGroup;
			children = (
				22388BC7283390BB00EE3DC8 /* Assets.xcassets */,
				22388BC9283390BB00EE3DC8 /* LaunchScreen.storyboard */,
			);
			path = Resource;
			sourceTree = "<group>";
		};
		22388BD328339A8F00EE3DC8 /* Model */ = {
			isa = PBXGroup;
			children = (
				22AAC26D2834CF9D000D6688 /* New.swift */,
				223193792849F5B000692A0C /* History.swift */,
			);
			path = Model;
			sourceTree = "<group>";
		};
		22388BD428339A9500EE3DC8 /* Controllers */ = {
			isa = PBXGroup;
			children = (
				221C44A3284B5AE200B0CA26 /* SplashVC */,
				228732BC2848B62200F15EE3 /* SearchResultVC */,
				226594C8283C8D2300A4B9D5 /* CategoryDetailVC */,
				224A66E62833DD8E002A5BC6 /* MyNewsVC */,
				22388BE228339C4100EE3DC8 /* SearchVC */,
				224A66DD2833D80C002A5BC6 /* DetailVC */,
				22388BD728339AD000EE3DC8 /* NewsVC */,
				22388BD628339AAB00EE3DC8 /* BaseVC */,
			);
			path = Controllers;
			sourceTree = "<group>";
		};
		22388BD528339A9D00EE3DC8 /* AppDelegate */ = {
			isa = PBXGroup;
			children = (
				22388BBE283390B800EE3DC8 /* AppDelegate.swift */,
				22388BC0283390B800EE3DC8 /* SceneDelegate.swift */,
			);
			path = AppDelegate;
			sourceTree = "<group>";
		};
		22388BD628339AAB00EE3DC8 /* BaseVC */ = {
			isa = PBXGroup;
			children = (
				22388BD828339AE100EE3DC8 /* BaseViewController.swift */,
				22388BDA28339AEF00EE3DC8 /* BaseNavigationViewController.swift */,
				22388BDC28339AFD00EE3DC8 /* BaseTabbarViewController.swift */,
			);
			path = BaseVC;
			sourceTree = "<group>";
		};
		22388BD728339AD000EE3DC8 /* NewsVC */ = {
			isa = PBXGroup;
			children = (
				226594CD283C8E4400A4B9D5 /* HeaderView */,
				22339BE52837A3D500EA8F6C /* Cell */,
				22388BDE28339BE100EE3DC8 /* NewsViewController.swift */,
				22388BDF28339BE100EE3DC8 /* NewsViewController.xib */,
				22AAC2612834A884000D6688 /* NewsViewModel.swift */,
			);
			path = NewsVC;
			sourceTree = "<group>";
		};
		22388BE228339C4100EE3DC8 /* SearchVC */ = {
			isa = PBXGroup;
			children = (
				228627EC283F8E7F0008B9DA /* Cell */,
				224A66E22833DB30002A5BC6 /* SearchViewController.swift */,
				224A66E32833DB30002A5BC6 /* SearchViewController.xib */,
				22A704B72841B13000903E86 /* SearchViewModel.swift */,
			);
			path = SearchVC;
			sourceTree = "<group>";
		};
		22388BE928339FC200EE3DC8 /* MainCell */ = {
			isa = PBXGroup;
			children = (
				22388BEA2833A51300EE3DC8 /* MainTableViewCell.swift */,
				22388BEB2833A51300EE3DC8 /* MainTableViewCell.xib */,
				22AAC2742834F18A000D6688 /* MainCellViewModel.swift */,
			);
			path = MainCell;
			sourceTree = "<group>";
		};
		224A66DD2833D80C002A5BC6 /* DetailVC */ = {
			isa = PBXGroup;
			children = (
				224A66DE2833D85C002A5BC6 /* DetailViewController.swift */,
				224A66DF2833D85C002A5BC6 /* DetailViewController.xib */,
				22250AB6283B1963001832C8 /* DetailViewModel.swift */,
			);
			path = DetailVC;
			sourceTree = "<group>";
		};
		224A66E62833DD8E002A5BC6 /* MyNewsVC */ = {
			isa = PBXGroup;
			children = (
				224A66E72833DD9E002A5BC6 /* MyNewsViewController.swift */,
				224A66E82833DD9E002A5BC6 /* MyNewsViewController.xib */,
				222CCA5528475F980038DC9D /* MyNewsViewModel.swift */,
			);
			path = MyNewsVC;
			sourceTree = "<group>";
		};
		226594C8283C8D2300A4B9D5 /* CategoryDetailVC */ = {
			isa = PBXGroup;
			children = (
				226594C9283C8D4D00A4B9D5 /* CategoryDetailViewController.swift */,
				226594CA283C8D4D00A4B9D5 /* CategoryDetailViewController.xib */,
				226594D2283CC60200A4B9D5 /* CategoryViewModel.swift */,
			);
			path = CategoryDetailVC;
			sourceTree = "<group>";
		};
		226594CD283C8E4400A4B9D5 /* HeaderView */ = {
			isa = PBXGroup;
			children = (
				226594CE283C8E5500A4B9D5 /* HeaderSectionView.swift */,
				226594D0283C8E6100A4B9D5 /* HeaderSectionView.xib */,
				226594D9283CD11000A4B9D5 /* HeaderSectionViewModel.swift */,
			);
			path = HeaderView;
			sourceTree = "<group>";
		};
		226B77B528372441007AC7D5 /* HeaderCell */ = {
			isa = PBXGroup;
			children = (
				226B77B62837247E007AC7D5 /* HeaderCollectionViewCell.swift */,
				226B77B72837247E007AC7D5 /* HeaderCollectionViewCell.xib */,
				22339BE32837A24800EA8F6C /* HeaderCollectionCellViewModel.swift */,
			);
			path = HeaderCell;
			sourceTree = "<group>";
		};
		228627EB283F8B030008B9DA /* MoreTopic */ = {
			isa = PBXGroup;
			children = (
				2270537A2843598400944BDF /* MoreTopicCollectionViewCell.swift */,
				2270537B2843598400944BDF /* MoreTopicCollectionViewCell.xib */,
				2270537E284359A100944BDF /* MoreTopicCollectionCellModel.swift */,
			);
			path = MoreTopic;
			sourceTree = "<group>";
		};
		228627EC283F8E7F0008B9DA /* Cell */ = {
			isa = PBXGroup;
			children = (
				22E6B1FC284485E3002E874B /* Header */,
				2288B7F928439AD0002C2A2E /* HistoryTopic */,
				228627EB283F8B030008B9DA /* MoreTopic */,
			);
			path = Cell;
			sourceTree = "<group>";
		};
		228732BC2848B62200F15EE3 /* SearchResultVC */ = {
			isa = PBXGroup;
			children = (
				228732BD2848B62200F15EE3 /* SearchResultViewController.swift */,
				228732BE2848B62200F15EE3 /* SearchResultViewController.xib */,
				228732BF2848B62200F15EE3 /* SearchResultViewModel.swift */,
			);
			path = SearchResultVC;
			sourceTree = "<group>";
		};
		2288B7F928439AD0002C2A2E /* HistoryTopic */ = {
			isa = PBXGroup;
			children = (
				2288B7FA28439B18002C2A2E /* HistoryCollectionViewCell.swift */,
				2288B7FB28439B18002C2A2E /* HistoryCollectionViewCell.xib */,
				2288B7FE28439B27002C2A2E /* HistoryCollectionCellModel.swift */,
			);
			path = HistoryTopic;
			sourceTree = "<group>";
		};
		2295ABF42835E05A00732946 /* Manager */ = {
			isa = PBXGroup;
			children = (
				2295ABF52835E06E00732946 /* PhotoManager.swift */,
			);
			path = Manager;
			sourceTree = "<group>";
		};
		22AAC2632834AB79000D6688 /* Library */ = {
			isa = PBXGroup;
			children = (
				2218799C283E616F00D25FF8 /* Ext */,
			);
			path = Library;
			sourceTree = "<group>";
		};
		22AAC26F2834D668000D6688 /* Service */ = {
			isa = PBXGroup;
			children = (
				22339BE028377DB600EA8F6C /* Module */,
				22339BDF28377DA900EA8F6C /* Core */,
			);
			path = Service;
			sourceTree = "<group>";
		};
		22E6B1FC284485E3002E874B /* Header */ = {
			isa = PBXGroup;
			children = (
				22E6B1FD284486AC002E874B /* HeaderSearchSectionCollectionReusableView.swift */,
				22E6B1FE284486AD002E874B /* HeaderSearchSectionCollectionReusableView.xib */,
			);
			path = Header;
			sourceTree = "<group>";
		};
		B4F0743B4E347BF214E95FCB /* Frameworks */ = {
			isa = PBXGroup;
			children = (
				687F0276FDA58A5405FC16CC /* Pods_Final_Project.framework */,
			);
			name = Frameworks;
			sourceTree = "<group>";
		};
		EE5AA25F81A2678107200E49 /* Pods */ = {
			isa = PBXGroup;
			children = (
				DD96585B077F87A3C89DBD1D /* Pods-Final_Project.debug.xcconfig */,
				33D73900F75713081D557339 /* Pods-Final_Project.release.xcconfig */,
			);
			path = Pods;
			sourceTree = "<group>";
		};
/* End PBXGroup section */

/* Begin PBXNativeTarget section */
		22388BBA283390B800EE3DC8 /* Final_Project */ = {
			isa = PBXNativeTarget;
			buildConfigurationList = 22388BCF283390BB00EE3DC8 /* Build configuration list for PBXNativeTarget "Final_Project" */;
			buildPhases = (
				3EABD0A5244ED236401EE510 /* [CP] Check Pods Manifest.lock */,
				22388BB7283390B800EE3DC8 /* Sources */,
				22388BB8283390B800EE3DC8 /* Frameworks */,
				22388BB9283390B800EE3DC8 /* Resources */,
				B07D0900C237FA169A4296A2 /* [CP] Embed Pods Frameworks */,
			);
			buildRules = (
			);
			dependencies = (
			);
			name = Final_Project;
			productName = Final_Project;
			productReference = 22388BBB283390B800EE3DC8 /* Final_Project.app */;
			productType = "com.apple.product-type.application";
		};
/* End PBXNativeTarget section */

/* Begin PBXProject section */
		22388BB3283390B800EE3DC8 /* Project object */ = {
			isa = PBXProject;
			attributes = {
				BuildIndependentTargetsInParallel = 1;
				LastSwiftUpdateCheck = 1330;
				LastUpgradeCheck = 1330;
				TargetAttributes = {
					22388BBA283390B800EE3DC8 = {
						CreatedOnToolsVersion = 13.3.1;
					};
				};
			};
			buildConfigurationList = 22388BB6283390B800EE3DC8 /* Build configuration list for PBXProject "Final_Project" */;
			compatibilityVersion = "Xcode 13.0";
			developmentRegion = en;
			hasScannedForEncodings = 0;
			knownRegions = (
				en,
				Base,
			);
			mainGroup = 22388BB2283390B800EE3DC8;
			productRefGroup = 22388BBC283390B800EE3DC8 /* Products */;
			projectDirPath = "";
			projectRoot = "";
			targets = (
				22388BBA283390B800EE3DC8 /* Final_Project */,
			);
		};
/* End PBXProject section */

/* Begin PBXResourcesBuildPhase section */
		22388BB9283390B800EE3DC8 /* Resources */ = {
			isa = PBXResourcesBuildPhase;
			buildActionMask = 2147483647;
			files = (
				22388BCB283390BB00EE3DC8 /* LaunchScreen.storyboard in Resources */,
				226594D1283C8E6100A4B9D5 /* HeaderSectionView.xib in Resources */,
				226594CC283C8D4D00A4B9D5 /* CategoryDetailViewController.xib in Resources */,
				2288B7FD28439B18002C2A2E /* HistoryCollectionViewCell.xib in Resources */,
				224A66E12833D85C002A5BC6 /* DetailViewController.xib in Resources */,
				22E6B200284486AD002E874B /* HeaderSearchSectionCollectionReusableView.xib in Resources */,
				22388BC8283390BB00EE3DC8 /* Assets.xcassets in Resources */,
				224A66EA2833DD9E002A5BC6 /* MyNewsViewController.xib in Resources */,
				2270537D2843598400944BDF /* MoreTopicCollectionViewCell.xib in Resources */,
				22388BE128339BE100EE3DC8 /* NewsViewController.xib in Resources */,
				22388BED2833A51300EE3DC8 /* MainTableViewCell.xib in Resources */,
				224A66E52833DB30002A5BC6 /* SearchViewController.xib in Resources */,
				226B77B92837247E007AC7D5 /* HeaderCollectionViewCell.xib in Resources */,
				221C44A7284B5AF400B0CA26 /* SplashViewController.xib in Resources */,
				228732C12848B62200F15EE3 /* SearchResultViewController.xib in Resources */,
			);
			runOnlyForDeploymentPostprocessing = 0;
		};
/* End PBXResourcesBuildPhase section */

/* Begin PBXShellScriptBuildPhase section */
		3EABD0A5244ED236401EE510 /* [CP] Check Pods Manifest.lock */ = {
			isa = PBXShellScriptBuildPhase;
			buildActionMask = 2147483647;
			files = (
			);
			inputFileListPaths = (
			);
			inputPaths = (
				"${PODS_PODFILE_DIR_PATH}/Podfile.lock",
				"${PODS_ROOT}/Manifest.lock",
			);
			name = "[CP] Check Pods Manifest.lock";
			outputFileListPaths = (
			);
			outputPaths = (
				"$(DERIVED_FILE_DIR)/Pods-Final_Project-checkManifestLockResult.txt",
			);
			runOnlyForDeploymentPostprocessing = 0;
			shellPath = /bin/sh;
			shellScript = "diff \"${PODS_PODFILE_DIR_PATH}/Podfile.lock\" \"${PODS_ROOT}/Manifest.lock\" > /dev/null\nif [ $? != 0 ] ; then\n    # print error to STDERR\n    echo \"error: The sandbox is not in sync with the Podfile.lock. Run 'pod install' or update your CocoaPods installation.\" >&2\n    exit 1\nfi\n# This output is used by Xcode 'outputs' to avoid re-running this script phase.\necho \"SUCCESS\" > \"${SCRIPT_OUTPUT_FILE_0}\"\n";
			showEnvVarsInLog = 0;
		};
		B07D0900C237FA169A4296A2 /* [CP] Embed Pods Frameworks */ = {
			isa = PBXShellScriptBuildPhase;
			buildActionMask = 2147483647;
			files = (
			);
			inputFileListPaths = (
				"${PODS_ROOT}/Target Support Files/Pods-Final_Project/Pods-Final_Project-frameworks-${CONFIGURATION}-input-files.xcfilelist",
			);
			name = "[CP] Embed Pods Frameworks";
			outputFileListPaths = (
				"${PODS_ROOT}/Target Support Files/Pods-Final_Project/Pods-Final_Project-frameworks-${CONFIGURATION}-output-files.xcfilelist",
			);
			runOnlyForDeploymentPostprocessing = 0;
			shellPath = /bin/sh;
			shellScript = "\"${PODS_ROOT}/Target Support Files/Pods-Final_Project/Pods-Final_Project-frameworks.sh\"\n";
			showEnvVarsInLog = 0;
		};
/* End PBXShellScriptBuildPhase section */

/* Begin PBXSourcesBuildPhase section */
		22388BB7283390B800EE3DC8 /* Sources */ = {
			isa = PBXSourcesBuildPhase;
			buildActionMask = 2147483647;
			files = (
				224A66E42833DB30002A5BC6 /* SearchViewController.swift in Sources */,
				22187995283E5B7100D25FF8 /* ApiManager.swift in Sources */,
				22187991283E5B0A00D25FF8 /* ResponseSerializer.swift in Sources */,
				22AAC2712834D67B000D6688 /* NewsService.swift in Sources */,
				224A66E02833D85C002A5BC6 /* DetailViewController.swift in Sources */,
				221879A4283E6AE900D25FF8 /* App.swift in Sources */,
				22AAC26E2834CF9D000D6688 /* New.swift in Sources */,
				221879A6283E6B1300D25FF8 /* Errors.swift in Sources */,
				22187997283E5CE100D25FF8 /* Api.swift in Sources */,
				22388BBF283390B800EE3DC8 /* AppDelegate.swift in Sources */,
				2270537C2843598400944BDF /* MoreTopicCollectionViewCell.swift in Sources */,
				22250AB7283B1963001832C8 /* DetailViewModel.swift in Sources */,
				22E6B1E2284462A3002E874B /* UICollectionViewExt.swift in Sources */,
				22388BEC2833A51300EE3DC8 /* MainTableViewCell.swift in Sources */,
				226594CB283C8D4D00A4B9D5 /* CategoryDetailViewController.swift in Sources */,
				22AAC2752834F18A000D6688 /* MainCellViewModel.swift in Sources */,
				221879A8283E6B3400D25FF8 /* String.swift in Sources */,
				221879A0283E62A900D25FF8 /* UIViewExt.swift in Sources */,
				22388BC1283390B800EE3DC8 /* SceneDelegate.swift in Sources */,
				22388BD928339AE100EE3DC8 /* BaseViewController.swift in Sources */,
				22388BE028339BE100EE3DC8 /* NewsViewController.swift in Sources */,
				226594CF283C8E5500A4B9D5 /* HeaderSectionView.swift in Sources */,
				22A704B82841B13000903E86 /* SearchViewModel.swift in Sources */,
				224A66E92833DD9E002A5BC6 /* MyNewsViewController.swift in Sources */,
				22187993283E5B3900D25FF8 /* Error.swift in Sources */,
				2270537F284359A100944BDF /* MoreTopicCollectionCellModel.swift in Sources */,
				22AAC2622834A884000D6688 /* NewsViewModel.swift in Sources */,
				222CCA5628475F980038DC9D /* MyNewsViewModel.swift in Sources */,
				226B77B82837247E007AC7D5 /* HeaderCollectionViewCell.swift in Sources */,
				22187999283E60B100D25FF8 /* CollectionExt.swift in Sources */,
				228732C02848B62200F15EE3 /* SearchResultViewController.swift in Sources */,
				22339BE42837A24800EA8F6C /* HeaderCollectionCellViewModel.swift in Sources */,
				2288B7FC28439B18002C2A2E /* HistoryCollectionViewCell.swift in Sources */,
				22388BDD28339AFD00EE3DC8 /* BaseTabbarViewController.swift in Sources */,
				226594D3283CC60200A4B9D5 /* CategoryViewModel.swift in Sources */,
				2218799E283E627E00D25FF8 /* UIViewControllerExt.swift in Sources */,
				2231937A2849F5B000692A0C /* History.swift in Sources */,
				2295ABF32835DFA500732946 /* PhotoService.swift in Sources */,
				2218798F283E5A8600D25FF8 /* RequestSerializer.swift in Sources */,
				2295ABF62835E06E00732946 /* PhotoManager.swift in Sources */,
				2288B7FF28439B27002C2A2E /* HistoryCollectionCellModel.swift in Sources */,
				221C44A6284B5AF400B0CA26 /* SplashViewController.swift in Sources */,
				226594DA283CD11000A4B9D5 /* HeaderSectionViewModel.swift in Sources */,
				22388BDB28339AEF00EE3DC8 /* BaseNavigationViewController.swift in Sources */,
				22E6B1FF284486AD002E874B /* HeaderSearchSectionCollectionReusableView.swift in Sources */,
				228732C22848B62200F15EE3 /* SearchResultViewModel.swift in Sources */,
				2218799B283E60F000D25FF8 /* NSErrorExt.swift in Sources */,
			);
			runOnlyForDeploymentPostprocessing = 0;
		};
/* End PBXSourcesBuildPhase section */

/* Begin PBXVariantGroup section */
		22388BC9283390BB00EE3DC8 /* LaunchScreen.storyboard */ = {
			isa = PBXVariantGroup;
			children = (
				22388BCA283390BB00EE3DC8 /* Base */,
			);
			name = LaunchScreen.storyboard;
			sourceTree = "<group>";
		};
/* End PBXVariantGroup section */

/* Begin XCBuildConfiguration section */
		22388BCD283390BB00EE3DC8 /* Debug */ = {
			isa = XCBuildConfiguration;
			buildSettings = {
				ALWAYS_SEARCH_USER_PATHS = NO;
				CLANG_ANALYZER_NONNULL = YES;
				CLANG_ANALYZER_NUMBER_OBJECT_CONVERSION = YES_AGGRESSIVE;
				CLANG_CXX_LANGUAGE_STANDARD = "gnu++17";
				CLANG_ENABLE_MODULES = YES;
				CLANG_ENABLE_OBJC_ARC = YES;
				CLANG_ENABLE_OBJC_WEAK = YES;
				CLANG_WARN_BLOCK_CAPTURE_AUTORELEASING = YES;
				CLANG_WARN_BOOL_CONVERSION = YES;
				CLANG_WARN_COMMA = YES;
				CLANG_WARN_CONSTANT_CONVERSION = YES;
				CLANG_WARN_DEPRECATED_OBJC_IMPLEMENTATIONS = YES;
				CLANG_WARN_DIRECT_OBJC_ISA_USAGE = YES_ERROR;
				CLANG_WARN_DOCUMENTATION_COMMENTS = YES;
				CLANG_WARN_EMPTY_BODY = YES;
				CLANG_WARN_ENUM_CONVERSION = YES;
				CLANG_WARN_INFINITE_RECURSION = YES;
				CLANG_WARN_INT_CONVERSION = YES;
				CLANG_WARN_NON_LITERAL_NULL_CONVERSION = YES;
				CLANG_WARN_OBJC_IMPLICIT_RETAIN_SELF = YES;
				CLANG_WARN_OBJC_LITERAL_CONVERSION = YES;
				CLANG_WARN_OBJC_ROOT_CLASS = YES_ERROR;
				CLANG_WARN_QUOTED_INCLUDE_IN_FRAMEWORK_HEADER = YES;
				CLANG_WARN_RANGE_LOOP_ANALYSIS = YES;
				CLANG_WARN_STRICT_PROTOTYPES = YES;
				CLANG_WARN_SUSPICIOUS_MOVE = YES;
				CLANG_WARN_UNGUARDED_AVAILABILITY = YES_AGGRESSIVE;
				CLANG_WARN_UNREACHABLE_CODE = YES;
				CLANG_WARN__DUPLICATE_METHOD_MATCH = YES;
				COPY_PHASE_STRIP = NO;
				DEBUG_INFORMATION_FORMAT = dwarf;
				ENABLE_STRICT_OBJC_MSGSEND = YES;
				ENABLE_TESTABILITY = YES;
				GCC_C_LANGUAGE_STANDARD = gnu11;
				GCC_DYNAMIC_NO_PIC = NO;
				GCC_NO_COMMON_BLOCKS = YES;
				GCC_OPTIMIZATION_LEVEL = 0;
				GCC_PREPROCESSOR_DEFINITIONS = (
					"DEBUG=1",
					"$(inherited)",
				);
				GCC_WARN_64_TO_32_BIT_CONVERSION = YES;
				GCC_WARN_ABOUT_RETURN_TYPE = YES_ERROR;
				GCC_WARN_UNDECLARED_SELECTOR = YES;
				GCC_WARN_UNINITIALIZED_AUTOS = YES_AGGRESSIVE;
				GCC_WARN_UNUSED_FUNCTION = YES;
				GCC_WARN_UNUSED_VARIABLE = YES;
				IPHONEOS_DEPLOYMENT_TARGET = 14.0;
				MTL_ENABLE_DEBUG_INFO = INCLUDE_SOURCE;
				MTL_FAST_MATH = YES;
				ONLY_ACTIVE_ARCH = YES;
				SDKROOT = iphoneos;
				SWIFT_ACTIVE_COMPILATION_CONDITIONS = DEBUG;
				SWIFT_OPTIMIZATION_LEVEL = "-Onone";
			};
			name = Debug;
		};
		22388BCE283390BB00EE3DC8 /* Release */ = {
			isa = XCBuildConfiguration;
			buildSettings = {
				ALWAYS_SEARCH_USER_PATHS = NO;
				CLANG_ANALYZER_NONNULL = YES;
				CLANG_ANALYZER_NUMBER_OBJECT_CONVERSION = YES_AGGRESSIVE;
				CLANG_CXX_LANGUAGE_STANDARD = "gnu++17";
				CLANG_ENABLE_MODULES = YES;
				CLANG_ENABLE_OBJC_ARC = YES;
				CLANG_ENABLE_OBJC_WEAK = YES;
				CLANG_WARN_BLOCK_CAPTURE_AUTORELEASING = YES;
				CLANG_WARN_BOOL_CONVERSION = YES;
				CLANG_WARN_COMMA = YES;
				CLANG_WARN_CONSTANT_CONVERSION = YES;
				CLANG_WARN_DEPRECATED_OBJC_IMPLEMENTATIONS = YES;
				CLANG_WARN_DIRECT_OBJC_ISA_USAGE = YES_ERROR;
				CLANG_WARN_DOCUMENTATION_COMMENTS = YES;
				CLANG_WARN_EMPTY_BODY = YES;
				CLANG_WARN_ENUM_CONVERSION = YES;
				CLANG_WARN_INFINITE_RECURSION = YES;
				CLANG_WARN_INT_CONVERSION = YES;
				CLANG_WARN_NON_LITERAL_NULL_CONVERSION = YES;
				CLANG_WARN_OBJC_IMPLICIT_RETAIN_SELF = YES;
				CLANG_WARN_OBJC_LITERAL_CONVERSION = YES;
				CLANG_WARN_OBJC_ROOT_CLASS = YES_ERROR;
				CLANG_WARN_QUOTED_INCLUDE_IN_FRAMEWORK_HEADER = YES;
				CLANG_WARN_RANGE_LOOP_ANALYSIS = YES;
				CLANG_WARN_STRICT_PROTOTYPES = YES;
				CLANG_WARN_SUSPICIOUS_MOVE = YES;
				CLANG_WARN_UNGUARDED_AVAILABILITY = YES_AGGRESSIVE;
				CLANG_WARN_UNREACHABLE_CODE = YES;
				CLANG_WARN__DUPLICATE_METHOD_MATCH = YES;
				COPY_PHASE_STRIP = NO;
				DEBUG_INFORMATION_FORMAT = "dwarf-with-dsym";
				ENABLE_NS_ASSERTIONS = NO;
				ENABLE_STRICT_OBJC_MSGSEND = YES;
				GCC_C_LANGUAGE_STANDARD = gnu11;
				GCC_NO_COMMON_BLOCKS = YES;
				GCC_WARN_64_TO_32_BIT_CONVERSION = YES;
				GCC_WARN_ABOUT_RETURN_TYPE = YES_ERROR;
				GCC_WARN_UNDECLARED_SELECTOR = YES;
				GCC_WARN_UNINITIALIZED_AUTOS = YES_AGGRESSIVE;
				GCC_WARN_UNUSED_FUNCTION = YES;
				GCC_WARN_UNUSED_VARIABLE = YES;
				IPHONEOS_DEPLOYMENT_TARGET = 14.0;
				MTL_ENABLE_DEBUG_INFO = NO;
				MTL_FAST_MATH = YES;
				SDKROOT = iphoneos;
				SWIFT_COMPILATION_MODE = wholemodule;
				SWIFT_OPTIMIZATION_LEVEL = "-O";
				VALIDATE_PRODUCT = YES;
			};
			name = Release;
		};
		22388BD0283390BB00EE3DC8 /* Debug */ = {
			isa = XCBuildConfiguration;
			baseConfigurationReference = DD96585B077F87A3C89DBD1D /* Pods-Final_Project.debug.xcconfig */;
			buildSettings = {
				ASSETCATALOG_COMPILER_APPICON_NAME = AppIcon;
				ASSETCATALOG_COMPILER_GLOBAL_ACCENT_COLOR_NAME = AccentColor;
				ASSETCATALOG_COMPILER_INCLUDE_ALL_APPICON_ASSETS = YES;
				CODE_SIGN_STYLE = Automatic;
				CURRENT_PROJECT_VERSION = 1;
				DEVELOPMENT_TEAM = 6675TW7Z9P;
				GENERATE_INFOPLIST_FILE = YES;
				INFOPLIST_FILE = Final_Project/Info.plist;
				INFOPLIST_KEY_UIApplicationSupportsIndirectInputEvents = YES;
				INFOPLIST_KEY_UILaunchStoryboardName = LaunchScreen;
				INFOPLIST_KEY_UISupportedInterfaceOrientations_iPad = "UIInterfaceOrientationPortrait UIInterfaceOrientationPortraitUpsideDown UIInterfaceOrientationLandscapeLeft UIInterfaceOrientationLandscapeRight";
				INFOPLIST_KEY_UISupportedInterfaceOrientations_iPhone = "UIInterfaceOrientationPortrait UIInterfaceOrientationLandscapeLeft UIInterfaceOrientationLandscapeRight";
				LD_RUNPATH_SEARCH_PATHS = (
					"$(inherited)",
					"@executable_path/Frameworks",
				);
				MARKETING_VERSION = 1.0;
				PRODUCT_BUNDLE_IDENTIFIER = "com.tringuyen.Final-Project";
				PRODUCT_NAME = "$(TARGET_NAME)";
				SWIFT_EMIT_LOC_STRINGS = YES;
				SWIFT_VERSION = 5.0;
				TARGETED_DEVICE_FAMILY = "1,2";
			};
			name = Debug;
		};
		22388BD1283390BB00EE3DC8 /* Release */ = {
			isa = XCBuildConfiguration;
			baseConfigurationReference = 33D73900F75713081D557339 /* Pods-Final_Project.release.xcconfig */;
			buildSettings = {
				ASSETCATALOG_COMPILER_APPICON_NAME = AppIcon;
				ASSETCATALOG_COMPILER_GLOBAL_ACCENT_COLOR_NAME = AccentColor;
				ASSETCATALOG_COMPILER_INCLUDE_ALL_APPICON_ASSETS = YES;
				CODE_SIGN_STYLE = Automatic;
				CURRENT_PROJECT_VERSION = 1;
				DEVELOPMENT_TEAM = 6675TW7Z9P;
				GENERATE_INFOPLIST_FILE = YES;
				INFOPLIST_FILE = Final_Project/Info.plist;
				INFOPLIST_KEY_UIApplicationSupportsIndirectInputEvents = YES;
				INFOPLIST_KEY_UILaunchStoryboardName = LaunchScreen;
				INFOPLIST_KEY_UISupportedInterfaceOrientations_iPad = "UIInterfaceOrientationPortrait UIInterfaceOrientationPortraitUpsideDown UIInterfaceOrientationLandscapeLeft UIInterfaceOrientationLandscapeRight";
				INFOPLIST_KEY_UISupportedInterfaceOrientations_iPhone = "UIInterfaceOrientationPortrait UIInterfaceOrientationLandscapeLeft UIInterfaceOrientationLandscapeRight";
				LD_RUNPATH_SEARCH_PATHS = (
					"$(inherited)",
					"@executable_path/Frameworks",
				);
				MARKETING_VERSION = 1.0;
				PRODUCT_BUNDLE_IDENTIFIER = "com.tringuyen.Final-Project";
				PRODUCT_NAME = "$(TARGET_NAME)";
				SWIFT_EMIT_LOC_STRINGS = YES;
				SWIFT_VERSION = 5.0;
				TARGETED_DEVICE_FAMILY = "1,2";
			};
			name = Release;
		};
/* End XCBuildConfiguration section */

/* Begin XCConfigurationList section */
		22388BB6283390B800EE3DC8 /* Build configuration list for PBXProject "Final_Project" */ = {
			isa = XCConfigurationList;
			buildConfigurations = (
				22388BCD283390BB00EE3DC8 /* Debug */,
				22388BCE283390BB00EE3DC8 /* Release */,
			);
			defaultConfigurationIsVisible = 0;
			defaultConfigurationName = Release;
		};
		22388BCF283390BB00EE3DC8 /* Build configuration list for PBXNativeTarget "Final_Project" */ = {
			isa = XCConfigurationList;
			buildConfigurations = (
				22388BD0283390BB00EE3DC8 /* Debug */,
				22388BD1283390BB00EE3DC8 /* Release */,
			);
			defaultConfigurationIsVisible = 0;
			defaultConfigurationName = Release;
		};
/* End XCConfigurationList section */
	};
	rootObject = 22388BB3283390B800EE3DC8 /* Project object */;
}
