PODS:
  - SDWebImage (5.12.5):
    - SDWebImage/Core (= 5.12.5)
  - SDWebImage/Core (5.12.5)
  - SVProgressHUD (2.2.5)
  - SwiftLint (0.27.0)

DEPENDENCIES:
  - SDWebImage (~> 5.0)
  - SVProgressHUD (= 2.2.5)
  - SwiftLint (= 0.27.0)

SPEC REPOS:
  trunk:
    - SDWebImage
    - SVProgressHUD
    - SwiftLint

SPEC CHECKSUMS:
  SDWebImage: 0905f1b7760fc8ac4198cae0036600d67478751e
  SVProgressHUD: 1428aafac632c1f86f62aa4243ec12008d7a51d6
  SwiftLint: 3207c1faa2240bf8973b191820a116113cd11073

PODFILE CHECKSUM: 5229f3ec951b0e6978cc8825fe8c2089ac5c03fc

COCOAPODS: 1.11.3
